
Microsoft Visual Studio Solution File, Format Version 12.00
# Visual Studio 15
VisualStudioVersion = 15.0.26124.0
MinimumVisualStudioVersion = 15.0.26124.0
Project("{FAE04EC0-301F-11D3-BF4B-00C04F79EFBC}") = "WalkingGame", "WalkingGame\WalkingGame.csproj", "{250DEF36-F720-4B23-AC92-90C1CACA3035}"
EndProject
Global
	GlobalSection(SolutionConfigurationPlatforms) = preSolution
		Debug|Any CPU = Debug|Any CPU
		Debug|x64 = Debug|x64
		Debug|x86 = Debug|x86
		Release|Any CPU = Release|Any CPU
		Release|x64 = Release|x64
		Release|x86 = Release|x86
	EndGlobalSection
	GlobalSection(ProjectConfigurationPlatforms) = postSolution
		{250DEF36-F720-4B23-AC92-90C1CACA3035}.Debug|Any CPU.ActiveCfg = Debug|Any CPU
		{250DEF36-F720-4B23-AC92-90C1CACA3035}.Debug|Any CPU.Build.0 = Debug|Any CPU
		{250DEF36-F720-4B23-AC92-90C1CACA3035}.Debug|x64.ActiveCfg = Debug|Any CPU
		{250DEF36-F720-4B23-AC92-90C1CACA3035}.Debug|x64.Build.0 = Debug|Any CPU
		{250DEF36-F720-4B23-AC92-90C1CACA3035}.Debug|x86.ActiveCfg = Debug|Any CPU
		{250DEF36-F720-4B23-AC92-90C1CACA3035}.Debug|x86.Build.0 = Debug|Any CPU
		{250DEF36-F720-4B23-AC92-90C1CACA3035}.Release|Any CPU.ActiveCfg = Release|Any CPU
		{250DEF36-F720-4B23-AC92-90C1CACA3035}.Release|Any CPU.Build.0 = Release|Any CPU
		{250DEF36-F720-4B23-AC92-90C1CACA3035}.Release|x64.ActiveCfg = Release|Any CPU
		{250DEF36-F720-4B23-AC92-90C1CACA3035}.Release|x64.Build.0 = Release|Any CPU
		{250DEF36-F720-4B23-AC92-90C1CACA3035}.Release|x86.ActiveCfg = Release|Any CPU
		{250DEF36-F720-4B23-AC92-90C1CACA3035}.Release|x86.Build.0 = Release|Any CPU
	EndGlobalSection
	GlobalSection(SolutionProperties) = preSolution
		HideSolutionNode = FALSE
	EndGlobalSection
	GlobalSection(ExtensibilityGlobals) = postSolution
		SolutionGuid = {4A620FC3-3DCE-4DC3-968F-822C474319C3}
	EndGlobalSection
EndGlobal
